// !$*UTF8*$!
{
	archiveVersion = 1;
	classes = {
	};
	objectVersion = 51;
	objects = {

/* Begin PBXBuildFile section */
		71634D24B2F97121BD50AC61 /* Pods_Sprout_SproutUITests.framework in Frameworks */ = {isa = PBXBuildFile; fileRef = 31E3EC0E29B307EF944F558A /* Pods_Sprout_SproutUITests.framework */; };
		81AB72F45FD1E8B0011E42B5 /* Pods_SproutTests.framework in Frameworks */ = {isa = PBXBuildFile; fileRef = 4E1698646DDBF05D74B80F63 /* Pods_SproutTests.framework */; };
		96914DC97B5D7FEB18F9ECEA /* Pods_Sprout.framework in Frameworks */ = {isa = PBXBuildFile; fileRef = 2C799452D22C3D09EFCAA65B /* Pods_Sprout.framework */; };
		DC3CF14C24BCB27900C482F8 /* AppDelegate.m in Sources */ = {isa = PBXBuildFile; fileRef = DC3CF14B24BCB27900C482F8 /* AppDelegate.m */; };
		DC3CF14F24BCB27900C482F8 /* SceneDelegate.m in Sources */ = {isa = PBXBuildFile; fileRef = DC3CF14E24BCB27900C482F8 /* SceneDelegate.m */; };
		DC3CF15524BCB27900C482F8 /* Main.storyboard in Resources */ = {isa = PBXBuildFile; fileRef = DC3CF15324BCB27900C482F8 /* Main.storyboard */; };
		DC3CF15724BCB27A00C482F8 /* Assets.xcassets in Resources */ = {isa = PBXBuildFile; fileRef = DC3CF15624BCB27A00C482F8 /* Assets.xcassets */; };
		DC3CF15A24BCB27A00C482F8 /* LaunchScreen.storyboard in Resources */ = {isa = PBXBuildFile; fileRef = DC3CF15824BCB27A00C482F8 /* LaunchScreen.storyboard */; };
		DC3CF15D24BCB27A00C482F8 /* main.m in Sources */ = {isa = PBXBuildFile; fileRef = DC3CF15C24BCB27A00C482F8 /* main.m */; };
		DC3CF16724BCB27B00C482F8 /* SproutTests.m in Sources */ = {isa = PBXBuildFile; fileRef = DC3CF16624BCB27B00C482F8 /* SproutTests.m */; };
		DC3CF17224BCB27B00C482F8 /* SproutUITests.m in Sources */ = {isa = PBXBuildFile; fileRef = DC3CF17124BCB27B00C482F8 /* SproutUITests.m */; };
		DC3CF18424BCC0D700C482F8 /* LoginViewController.m in Sources */ = {isa = PBXBuildFile; fileRef = DC3CF18324BCC0D700C482F8 /* LoginViewController.m */; };
		DC3CF18724BCC85900C482F8 /* SearchViewController.m in Sources */ = {isa = PBXBuildFile; fileRef = DC3CF18624BCC85900C482F8 /* SearchViewController.m */; };
		DC3CF19424BCE2DA00C482F8 /* Organization.m in Sources */ = {isa = PBXBuildFile; fileRef = DC3CF19324BCE2D900C482F8 /* Organization.m */; };
		DC3CF19B24BCF28E00C482F8 /* Location.m in Sources */ = {isa = PBXBuildFile; fileRef = DC3CF19A24BCF28D00C482F8 /* Location.m */; };
		DC3CF19E24BD014E00C482F8 /* MapKit.framework in Frameworks */ = {isa = PBXBuildFile; fileRef = DC3CF19D24BD014E00C482F8 /* MapKit.framework */; };
		DC3CF1A124BD081300C482F8 /* OrgDetailsViewController.m in Sources */ = {isa = PBXBuildFile; fileRef = DC3CF1A024BD081300C482F8 /* OrgDetailsViewController.m */; };
		DC3CF1A424BD23FC00C482F8 /* APIManager.m in Sources */ = {isa = PBXBuildFile; fileRef = DC3CF1A324BD23FC00C482F8 /* APIManager.m */; };
		DC3CF1A724BD28DC00C482F8 /* WebViewController.m in Sources */ = {isa = PBXBuildFile; fileRef = DC3CF1A624BD28DC00C482F8 /* WebViewController.m */; };
		DC3CF1AA24BD53A900C482F8 /* Constants.m in Sources */ = {isa = PBXBuildFile; fileRef = DC3CF1A924BD53A900C482F8 /* Constants.m */; };
		DC3CF1AD24BD590D00C482F8 /* InfiniteScrollActivityView.m in Sources */ = {isa = PBXBuildFile; fileRef = DC3CF1AC24BD590D00C482F8 /* InfiniteScrollActivityView.m */; };
		DC3CF1B024BE046F00C482F8 /* CreateViewController.m in Sources */ = {isa = PBXBuildFile; fileRef = DC3CF1AF24BE046F00C482F8 /* CreateViewController.m */; };
		DC3CF1B324BE05BB00C482F8 /* HomeViewController.m in Sources */ = {isa = PBXBuildFile; fileRef = DC3CF1B224BE05BB00C482F8 /* HomeViewController.m */; };
		DC3CF1BA24BE1D6100C482F8 /* LocationManager.m in Sources */ = {isa = PBXBuildFile; fileRef = DC3CF1B924BE1D6100C482F8 /* LocationManager.m */; };
		DC3CF1BD24BE500C00C482F8 /* Event.m in Sources */ = {isa = PBXBuildFile; fileRef = DC3CF1BC24BE500C00C482F8 /* Event.m */; };
		DC3CF1C024BF644100C482F8 /* OrgSearchViewController.m in Sources */ = {isa = PBXBuildFile; fileRef = DC3CF1BF24BF644100C482F8 /* OrgSearchViewController.m */; };
		DC3CF1C324BF645300C482F8 /* EventSearchViewController.m in Sources */ = {isa = PBXBuildFile; fileRef = DC3CF1C224BF645300C482F8 /* EventSearchViewController.m */; };
		DC4732F524D07735006DAE01 /* MapViewController.m in Sources */ = {isa = PBXBuildFile; fileRef = DC4732F424D07735006DAE01 /* MapViewController.m */; };
		DC4732F824D09CDC006DAE01 /* FriendsViewController.m in Sources */ = {isa = PBXBuildFile; fileRef = DC4732F724D09CDC006DAE01 /* FriendsViewController.m */; };
		DC4732FB24D09F3B006DAE01 /* FriendCell.m in Sources */ = {isa = PBXBuildFile; fileRef = DC4732FA24D09F3B006DAE01 /* FriendCell.m */; };
		DC4732FE24D0E6E5006DAE01 /* EventGroupViewController.m in Sources */ = {isa = PBXBuildFile; fileRef = DC4732FD24D0E6E5006DAE01 /* EventGroupViewController.m */; };
		DC47330124D1D6EA006DAE01 /* EventGroupCell.m in Sources */ = {isa = PBXBuildFile; fileRef = DC47330024D1D6EA006DAE01 /* EventGroupCell.m */; };
		DC47330424D1DE27006DAE01 /* CommentCell.m in Sources */ = {isa = PBXBuildFile; fileRef = DC47330324D1DE27006DAE01 /* CommentCell.m */; };
		DC47330724D1E074006DAE01 /* Comment.m in Sources */ = {isa = PBXBuildFile; fileRef = DC47330624D1E074006DAE01 /* Comment.m */; };
		DC89989324C9FD00005B2DB9 /* SignUpViewController.m in Sources */ = {isa = PBXBuildFile; fileRef = DC89989224C9FD00005B2DB9 /* SignUpViewController.m */; };
		DC91239B24CA693F001A4022 /* RequestsViewController.m in Sources */ = {isa = PBXBuildFile; fileRef = DC91239A24CA693F001A4022 /* RequestsViewController.m */; };
		DC91239E24CA6A38001A4022 /* RequestCell.m in Sources */ = {isa = PBXBuildFile; fileRef = DC91239D24CA6A38001A4022 /* RequestCell.m */; };
		DC9123A024CB3330001A4022 /* noun_sprout.png in Resources */ = {isa = PBXBuildFile; fileRef = DC91239F24CB3330001A4022 /* noun_sprout.png */; };
		DCB629D924C1FBE100C42EFB /* EventVerticalCell.m in Sources */ = {isa = PBXBuildFile; fileRef = DCB629D824C1FBE100C42EFB /* EventVerticalCell.m */; };
		DCB629DC24C206A900C42EFB /* PeopleSearchViewController.m in Sources */ = {isa = PBXBuildFile; fileRef = DCB629DB24C206A900C42EFB /* PeopleSearchViewController.m */; };
		DCB629DF24C207B300C42EFB /* PersonCell.m in Sources */ = {isa = PBXBuildFile; fileRef = DCB629DE24C207B300C42EFB /* PersonCell.m */; };
		DCB629F124C620E400C42EFB /* OrgCell.m in Sources */ = {isa = PBXBuildFile; fileRef = DCB629ED24C620E300C42EFB /* OrgCell.m */; };
		DCB629F524C62C5D00C42EFB /* OrgCollectionCell.m in Sources */ = {isa = PBXBuildFile; fileRef = DCB629F424C62C5D00C42EFB /* OrgCollectionCell.m */; };
		DCB65C1A24C753C2005A43A9 /* Post.m in Sources */ = {isa = PBXBuildFile; fileRef = DCB65C1924C753C2005A43A9 /* Post.m */; };
		DCB65C1D24C76201005A43A9 /* Helper.m in Sources */ = {isa = PBXBuildFile; fileRef = DCB65C1C24C76201005A43A9 /* Helper.m */; };
		DCB65C2324C7C44C005A43A9 /* OrgPostCell.m in Sources */ = {isa = PBXBuildFile; fileRef = DCB65C2224C7C44C005A43A9 /* OrgPostCell.m */; };
		DCB65C2624C7C565005A43A9 /* EventPostCell.m in Sources */ = {isa = PBXBuildFile; fileRef = DCB65C2524C7C565005A43A9 /* EventPostCell.m */; };
		DCB65C2C24C8BA08005A43A9 /* CreatePostViewController.m in Sources */ = {isa = PBXBuildFile; fileRef = DCB65C2B24C8BA08005A43A9 /* CreatePostViewController.m */; };
		DCE6FA4B24BFA447008091A3 /* EventDetailsViewController.m in Sources */ = {isa = PBXBuildFile; fileRef = DCE6FA4A24BFA447008091A3 /* EventDetailsViewController.m */; };
		DCE6FA5124C0AA66008091A3 /* EventCollectionCell.m in Sources */ = {isa = PBXBuildFile; fileRef = DCE6FA5024C0AA66008091A3 /* EventCollectionCell.m */; };
		DCE6FA5424C0AB58008091A3 /* ProfileViewController.m in Sources */ = {isa = PBXBuildFile; fileRef = DCE6FA5324C0AB58008091A3 /* ProfileViewController.m */; };
/* End PBXBuildFile section */

/* Begin PBXContainerItemProxy section */
		DC3CF16324BCB27B00C482F8 /* PBXContainerItemProxy */ = {
			isa = PBXContainerItemProxy;
			containerPortal = DC3CF13F24BCB27900C482F8 /* Project object */;
			proxyType = 1;
			remoteGlobalIDString = DC3CF14624BCB27900C482F8;
			remoteInfo = Sprout;
		};
		DC3CF16E24BCB27B00C482F8 /* PBXContainerItemProxy */ = {
			isa = PBXContainerItemProxy;
			containerPortal = DC3CF13F24BCB27900C482F8 /* Project object */;
			proxyType = 1;
			remoteGlobalIDString = DC3CF14624BCB27900C482F8;
			remoteInfo = Sprout;
		};
/* End PBXContainerItemProxy section */

/* Begin PBXFileReference section */
		2C799452D22C3D09EFCAA65B /* Pods_Sprout.framework */ = {isa = PBXFileReference; explicitFileType = wrapper.framework; includeInIndex = 0; path = Pods_Sprout.framework; sourceTree = BUILT_PRODUCTS_DIR; };
		31E3EC0E29B307EF944F558A /* Pods_Sprout_SproutUITests.framework */ = {isa = PBXFileReference; explicitFileType = wrapper.framework; includeInIndex = 0; path = Pods_Sprout_SproutUITests.framework; sourceTree = BUILT_PRODUCTS_DIR; };
		4E1698646DDBF05D74B80F63 /* Pods_SproutTests.framework */ = {isa = PBXFileReference; explicitFileType = wrapper.framework; includeInIndex = 0; path = Pods_SproutTests.framework; sourceTree = BUILT_PRODUCTS_DIR; };
		4F4EB687FB326027DDA023F2 /* Pods-SproutTests.debug.xcconfig */ = {isa = PBXFileReference; includeInIndex = 1; lastKnownFileType = text.xcconfig; name = "Pods-SproutTests.debug.xcconfig"; path = "Target Support Files/Pods-SproutTests/Pods-SproutTests.debug.xcconfig"; sourceTree = "<group>"; };
		51A0949A8E7C74CAE4064082 /* Pods-Sprout.debug.xcconfig */ = {isa = PBXFileReference; includeInIndex = 1; lastKnownFileType = text.xcconfig; name = "Pods-Sprout.debug.xcconfig"; path = "Target Support Files/Pods-Sprout/Pods-Sprout.debug.xcconfig"; sourceTree = "<group>"; };
		729CBB20E25699630243856A /* Pods-Sprout.release.xcconfig */ = {isa = PBXFileReference; includeInIndex = 1; lastKnownFileType = text.xcconfig; name = "Pods-Sprout.release.xcconfig"; path = "Target Support Files/Pods-Sprout/Pods-Sprout.release.xcconfig"; sourceTree = "<group>"; };
		733354DC791A13785ABCB2C4 /* Pods-Sprout-SproutUITests.debug.xcconfig */ = {isa = PBXFileReference; includeInIndex = 1; lastKnownFileType = text.xcconfig; name = "Pods-Sprout-SproutUITests.debug.xcconfig"; path = "Target Support Files/Pods-Sprout-SproutUITests/Pods-Sprout-SproutUITests.debug.xcconfig"; sourceTree = "<group>"; };
		824BECA0D530B3988AD16333 /* Pods-Sprout-SproutUITests.release.xcconfig */ = {isa = PBXFileReference; includeInIndex = 1; lastKnownFileType = text.xcconfig; name = "Pods-Sprout-SproutUITests.release.xcconfig"; path = "Target Support Files/Pods-Sprout-SproutUITests/Pods-Sprout-SproutUITests.release.xcconfig"; sourceTree = "<group>"; };
		A52894B29F3980A550B6F8EC /* Pods-SproutTests.release.xcconfig */ = {isa = PBXFileReference; includeInIndex = 1; lastKnownFileType = text.xcconfig; name = "Pods-SproutTests.release.xcconfig"; path = "Target Support Files/Pods-SproutTests/Pods-SproutTests.release.xcconfig"; sourceTree = "<group>"; };
		DC3CF14724BCB27900C482F8 /* Sprout.app */ = {isa = PBXFileReference; explicitFileType = wrapper.application; includeInIndex = 0; path = Sprout.app; sourceTree = BUILT_PRODUCTS_DIR; };
		DC3CF14A24BCB27900C482F8 /* AppDelegate.h */ = {isa = PBXFileReference; lastKnownFileType = sourcecode.c.h; path = AppDelegate.h; sourceTree = "<group>"; };
		DC3CF14B24BCB27900C482F8 /* AppDelegate.m */ = {isa = PBXFileReference; lastKnownFileType = sourcecode.c.objc; path = AppDelegate.m; sourceTree = "<group>"; };
		DC3CF14D24BCB27900C482F8 /* SceneDelegate.h */ = {isa = PBXFileReference; lastKnownFileType = sourcecode.c.h; path = SceneDelegate.h; sourceTree = "<group>"; };
		DC3CF14E24BCB27900C482F8 /* SceneDelegate.m */ = {isa = PBXFileReference; lastKnownFileType = sourcecode.c.objc; path = SceneDelegate.m; sourceTree = "<group>"; };
		DC3CF15424BCB27900C482F8 /* Base */ = {isa = PBXFileReference; lastKnownFileType = file.storyboard; name = Base; path = Base.lproj/Main.storyboard; sourceTree = "<group>"; };
		DC3CF15624BCB27A00C482F8 /* Assets.xcassets */ = {isa = PBXFileReference; lastKnownFileType = folder.assetcatalog; path = Assets.xcassets; sourceTree = "<group>"; };
		DC3CF15924BCB27A00C482F8 /* Base */ = {isa = PBXFileReference; lastKnownFileType = file.storyboard; name = Base; path = Base.lproj/LaunchScreen.storyboard; sourceTree = "<group>"; };
		DC3CF15B24BCB27A00C482F8 /* Info.plist */ = {isa = PBXFileReference; lastKnownFileType = text.plist.xml; path = Info.plist; sourceTree = "<group>"; };
		DC3CF15C24BCB27A00C482F8 /* main.m */ = {isa = PBXFileReference; lastKnownFileType = sourcecode.c.objc; path = main.m; sourceTree = "<group>"; };
		DC3CF16224BCB27B00C482F8 /* SproutTests.xctest */ = {isa = PBXFileReference; explicitFileType = wrapper.cfbundle; includeInIndex = 0; path = SproutTests.xctest; sourceTree = BUILT_PRODUCTS_DIR; };
		DC3CF16624BCB27B00C482F8 /* SproutTests.m */ = {isa = PBXFileReference; lastKnownFileType = sourcecode.c.objc; path = SproutTests.m; sourceTree = "<group>"; };
		DC3CF16824BCB27B00C482F8 /* Info.plist */ = {isa = PBXFileReference; lastKnownFileType = text.plist.xml; path = Info.plist; sourceTree = "<group>"; };
		DC3CF16D24BCB27B00C482F8 /* SproutUITests.xctest */ = {isa = PBXFileReference; explicitFileType = wrapper.cfbundle; includeInIndex = 0; path = SproutUITests.xctest; sourceTree = BUILT_PRODUCTS_DIR; };
		DC3CF17124BCB27B00C482F8 /* SproutUITests.m */ = {isa = PBXFileReference; lastKnownFileType = sourcecode.c.objc; path = SproutUITests.m; sourceTree = "<group>"; };
		DC3CF17324BCB27B00C482F8 /* Info.plist */ = {isa = PBXFileReference; lastKnownFileType = text.plist.xml; path = Info.plist; sourceTree = "<group>"; };
		DC3CF18224BCC0D700C482F8 /* LoginViewController.h */ = {isa = PBXFileReference; lastKnownFileType = sourcecode.c.h; path = LoginViewController.h; sourceTree = "<group>"; };
		DC3CF18324BCC0D700C482F8 /* LoginViewController.m */ = {isa = PBXFileReference; lastKnownFileType = sourcecode.c.objc; path = LoginViewController.m; sourceTree = "<group>"; };
		DC3CF18524BCC85900C482F8 /* SearchViewController.h */ = {isa = PBXFileReference; lastKnownFileType = sourcecode.c.h; path = SearchViewController.h; sourceTree = "<group>"; };
		DC3CF18624BCC85900C482F8 /* SearchViewController.m */ = {isa = PBXFileReference; lastKnownFileType = sourcecode.c.objc; path = SearchViewController.m; sourceTree = "<group>"; };
		DC3CF19224BCE2D900C482F8 /* Organization.h */ = {isa = PBXFileReference; lastKnownFileType = sourcecode.c.h; path = Organization.h; sourceTree = "<group>"; };
		DC3CF19324BCE2D900C482F8 /* Organization.m */ = {isa = PBXFileReference; lastKnownFileType = sourcecode.c.objc; path = Organization.m; sourceTree = "<group>"; };
		DC3CF19A24BCF28D00C482F8 /* Location.m */ = {isa = PBXFileReference; lastKnownFileType = sourcecode.c.objc; path = Location.m; sourceTree = "<group>"; };
		DC3CF19C24BCF2AD00C482F8 /* Location.h */ = {isa = PBXFileReference; lastKnownFileType = sourcecode.c.h; path = Location.h; sourceTree = "<group>"; };
		DC3CF19D24BD014E00C482F8 /* MapKit.framework */ = {isa = PBXFileReference; lastKnownFileType = wrapper.framework; name = MapKit.framework; path = System/Library/Frameworks/MapKit.framework; sourceTree = SDKROOT; };
		DC3CF19F24BD081300C482F8 /* OrgDetailsViewController.h */ = {isa = PBXFileReference; lastKnownFileType = sourcecode.c.h; path = OrgDetailsViewController.h; sourceTree = "<group>"; };
		DC3CF1A024BD081300C482F8 /* OrgDetailsViewController.m */ = {isa = PBXFileReference; lastKnownFileType = sourcecode.c.objc; path = OrgDetailsViewController.m; sourceTree = "<group>"; };
		DC3CF1A224BD23FC00C482F8 /* APIManager.h */ = {isa = PBXFileReference; lastKnownFileType = sourcecode.c.h; path = APIManager.h; sourceTree = "<group>"; };
		DC3CF1A324BD23FC00C482F8 /* APIManager.m */ = {isa = PBXFileReference; lastKnownFileType = sourcecode.c.objc; path = APIManager.m; sourceTree = "<group>"; };
		DC3CF1A524BD28DC00C482F8 /* WebViewController.h */ = {isa = PBXFileReference; lastKnownFileType = sourcecode.c.h; path = WebViewController.h; sourceTree = "<group>"; };
		DC3CF1A624BD28DC00C482F8 /* WebViewController.m */ = {isa = PBXFileReference; lastKnownFileType = sourcecode.c.objc; path = WebViewController.m; sourceTree = "<group>"; };
		DC3CF1A824BD539400C482F8 /* Constants.h */ = {isa = PBXFileReference; lastKnownFileType = sourcecode.c.h; path = Constants.h; sourceTree = "<group>"; };
		DC3CF1A924BD53A900C482F8 /* Constants.m */ = {isa = PBXFileReference; lastKnownFileType = sourcecode.c.objc; path = Constants.m; sourceTree = "<group>"; };
		DC3CF1AB24BD590D00C482F8 /* InfiniteScrollActivityView.h */ = {isa = PBXFileReference; lastKnownFileType = sourcecode.c.h; path = InfiniteScrollActivityView.h; sourceTree = "<group>"; };
		DC3CF1AC24BD590D00C482F8 /* InfiniteScrollActivityView.m */ = {isa = PBXFileReference; lastKnownFileType = sourcecode.c.objc; path = InfiniteScrollActivityView.m; sourceTree = "<group>"; };
		DC3CF1AE24BE046F00C482F8 /* CreateViewController.h */ = {isa = PBXFileReference; lastKnownFileType = sourcecode.c.h; path = CreateViewController.h; sourceTree = "<group>"; };
		DC3CF1AF24BE046F00C482F8 /* CreateViewController.m */ = {isa = PBXFileReference; lastKnownFileType = sourcecode.c.objc; path = CreateViewController.m; sourceTree = "<group>"; };
		DC3CF1B124BE05BB00C482F8 /* HomeViewController.h */ = {isa = PBXFileReference; lastKnownFileType = sourcecode.c.h; path = HomeViewController.h; sourceTree = "<group>"; };
		DC3CF1B224BE05BB00C482F8 /* HomeViewController.m */ = {isa = PBXFileReference; lastKnownFileType = sourcecode.c.objc; path = HomeViewController.m; sourceTree = "<group>"; };
		DC3CF1B824BE1D6100C482F8 /* LocationManager.h */ = {isa = PBXFileReference; lastKnownFileType = sourcecode.c.h; path = LocationManager.h; sourceTree = "<group>"; };
		DC3CF1B924BE1D6100C482F8 /* LocationManager.m */ = {isa = PBXFileReference; lastKnownFileType = sourcecode.c.objc; path = LocationManager.m; sourceTree = "<group>"; };
		DC3CF1BB24BE500C00C482F8 /* Event.h */ = {isa = PBXFileReference; lastKnownFileType = sourcecode.c.h; path = Event.h; sourceTree = "<group>"; };
		DC3CF1BC24BE500C00C482F8 /* Event.m */ = {isa = PBXFileReference; lastKnownFileType = sourcecode.c.objc; path = Event.m; sourceTree = "<group>"; };
		DC3CF1BE24BF644100C482F8 /* OrgSearchViewController.h */ = {isa = PBXFileReference; lastKnownFileType = sourcecode.c.h; path = OrgSearchViewController.h; sourceTree = "<group>"; };
		DC3CF1BF24BF644100C482F8 /* OrgSearchViewController.m */ = {isa = PBXFileReference; lastKnownFileType = sourcecode.c.objc; path = OrgSearchViewController.m; sourceTree = "<group>"; };
		DC3CF1C124BF645300C482F8 /* EventSearchViewController.h */ = {isa = PBXFileReference; lastKnownFileType = sourcecode.c.h; path = EventSearchViewController.h; sourceTree = "<group>"; };
		DC3CF1C224BF645300C482F8 /* EventSearchViewController.m */ = {isa = PBXFileReference; lastKnownFileType = sourcecode.c.objc; path = EventSearchViewController.m; sourceTree = "<group>"; };
		DC4732F324D07735006DAE01 /* MapViewController.h */ = {isa = PBXFileReference; lastKnownFileType = sourcecode.c.h; path = MapViewController.h; sourceTree = "<group>"; };
		DC4732F424D07735006DAE01 /* MapViewController.m */ = {isa = PBXFileReference; lastKnownFileType = sourcecode.c.objc; path = MapViewController.m; sourceTree = "<group>"; };
		DC4732F624D09CDC006DAE01 /* FriendsViewController.h */ = {isa = PBXFileReference; lastKnownFileType = sourcecode.c.h; path = FriendsViewController.h; sourceTree = "<group>"; };
		DC4732F724D09CDC006DAE01 /* FriendsViewController.m */ = {isa = PBXFileReference; lastKnownFileType = sourcecode.c.objc; path = FriendsViewController.m; sourceTree = "<group>"; };
		DC4732F924D09F3B006DAE01 /* FriendCell.h */ = {isa = PBXFileReference; lastKnownFileType = sourcecode.c.h; path = FriendCell.h; sourceTree = "<group>"; };
		DC4732FA24D09F3B006DAE01 /* FriendCell.m */ = {isa = PBXFileReference; lastKnownFileType = sourcecode.c.objc; path = FriendCell.m; sourceTree = "<group>"; };
		DC4732FC24D0E6E5006DAE01 /* EventGroupViewController.h */ = {isa = PBXFileReference; lastKnownFileType = sourcecode.c.h; path = EventGroupViewController.h; sourceTree = "<group>"; };
		DC4732FD24D0E6E5006DAE01 /* EventGroupViewController.m */ = {isa = PBXFileReference; lastKnownFileType = sourcecode.c.objc; path = EventGroupViewController.m; sourceTree = "<group>"; };
		DC4732FF24D1D6EA006DAE01 /* EventGroupCell.h */ = {isa = PBXFileReference; lastKnownFileType = sourcecode.c.h; path = EventGroupCell.h; sourceTree = "<group>"; };
		DC47330024D1D6EA006DAE01 /* EventGroupCell.m */ = {isa = PBXFileReference; lastKnownFileType = sourcecode.c.objc; path = EventGroupCell.m; sourceTree = "<group>"; };
		DC47330224D1DE27006DAE01 /* CommentCell.h */ = {isa = PBXFileReference; lastKnownFileType = sourcecode.c.h; path = CommentCell.h; sourceTree = "<group>"; };
		DC47330324D1DE27006DAE01 /* CommentCell.m */ = {isa = PBXFileReference; lastKnownFileType = sourcecode.c.objc; path = CommentCell.m; sourceTree = "<group>"; };
		DC47330524D1E074006DAE01 /* Comment.h */ = {isa = PBXFileReference; lastKnownFileType = sourcecode.c.h; path = Comment.h; sourceTree = "<group>"; };
		DC47330624D1E074006DAE01 /* Comment.m */ = {isa = PBXFileReference; lastKnownFileType = sourcecode.c.objc; path = Comment.m; sourceTree = "<group>"; };
		DC89989124C9FD00005B2DB9 /* SignUpViewController.h */ = {isa = PBXFileReference; lastKnownFileType = sourcecode.c.h; path = SignUpViewController.h; sourceTree = "<group>"; };
		DC89989224C9FD00005B2DB9 /* SignUpViewController.m */ = {isa = PBXFileReference; lastKnownFileType = sourcecode.c.objc; path = SignUpViewController.m; sourceTree = "<group>"; };
		DC91239924CA693F001A4022 /* RequestsViewController.h */ = {isa = PBXFileReference; lastKnownFileType = sourcecode.c.h; path = RequestsViewController.h; sourceTree = "<group>"; };
		DC91239A24CA693F001A4022 /* RequestsViewController.m */ = {isa = PBXFileReference; lastKnownFileType = sourcecode.c.objc; path = RequestsViewController.m; sourceTree = "<group>"; };
		DC91239C24CA6A38001A4022 /* RequestCell.h */ = {isa = PBXFileReference; lastKnownFileType = sourcecode.c.h; path = RequestCell.h; sourceTree = "<group>"; };
		DC91239D24CA6A38001A4022 /* RequestCell.m */ = {isa = PBXFileReference; lastKnownFileType = sourcecode.c.objc; path = RequestCell.m; sourceTree = "<group>"; };
		DC91239F24CB3330001A4022 /* noun_sprout.png */ = {isa = PBXFileReference; lastKnownFileType = image.png; path = noun_sprout.png; sourceTree = "<group>"; };
		DCB629C424C1482B00C42EFB /* Animation.swift */ = {isa = PBXFileReference; lastKnownFileType = sourcecode.swift; name = Animation.swift; path = ViewAnimator/Classes/Protocols/Animation.swift; sourceTree = "<group>"; };
		DCB629C524C1482B00C42EFB /* AnimationType.swift */ = {isa = PBXFileReference; lastKnownFileType = sourcecode.swift; name = AnimationType.swift; path = ViewAnimator/Classes/Models/AnimationType.swift; sourceTree = "<group>"; };
		DCB629C624C1482B00C42EFB /* Direction.swift */ = {isa = PBXFileReference; lastKnownFileType = sourcecode.swift; name = Direction.swift; path = ViewAnimator/Classes/Models/Direction.swift; sourceTree = "<group>"; };
		DCB629C724C1482B00C42EFB /* UICollectionView + ViewAnimator.swift */ = {isa = PBXFileReference; lastKnownFileType = sourcecode.swift; name = "UICollectionView + ViewAnimator.swift"; path = "ViewAnimator/Classes/Extensions/UICollectionView + ViewAnimator.swift"; sourceTree = "<group>"; };
		DCB629C824C1482B00C42EFB /* UITableView + ViewAnimator.swift */ = {isa = PBXFileReference; lastKnownFileType = sourcecode.swift; name = "UITableView + ViewAnimator.swift"; path = "ViewAnimator/Classes/Extensions/UITableView + ViewAnimator.swift"; sourceTree = "<group>"; };
		DCB629C924C1482B00C42EFB /* ViewAnimator.swift */ = {isa = PBXFileReference; lastKnownFileType = sourcecode.swift; name = ViewAnimator.swift; path = ViewAnimator/Classes/ViewAnimator.swift; sourceTree = "<group>"; };
		DCB629CA24C1482B00C42EFB /* ViewAnimatorConfig.swift */ = {isa = PBXFileReference; lastKnownFileType = sourcecode.swift; name = ViewAnimatorConfig.swift; path = ViewAnimator/Classes/ViewAnimatorConfig.swift; sourceTree = "<group>"; };
		DCB629CB24C1482B00C42EFB /* ViewAnimator.modulemap */ = {isa = PBXFileReference; lastKnownFileType = "sourcecode.module-map"; name = ViewAnimator.modulemap; path = "Sprout/Target Support Files/ViewAnimator/ViewAnimator.modulemap"; sourceTree = "<group>"; };
		DCB629CC24C1482B00C42EFB /* ViewAnimator-dummy.m */ = {isa = PBXFileReference; lastKnownFileType = sourcecode.c.objc; name = "ViewAnimator-dummy.m"; path = "Sprout/Target Support Files/ViewAnimator/ViewAnimator-dummy.m"; sourceTree = "<group>"; };
		DCB629CD24C1482B00C42EFB /* ViewAnimator-Info.plist */ = {isa = PBXFileReference; lastKnownFileType = text.plist; name = "ViewAnimator-Info.plist"; path = "Sprout/Target Support Files/ViewAnimator/ViewAnimator-Info.plist"; sourceTree = "<group>"; };
		DCB629CE24C1482B00C42EFB /* ViewAnimator-prefix.pch */ = {isa = PBXFileReference; lastKnownFileType = sourcecode.c.h; name = "ViewAnimator-prefix.pch"; path = "Sprout/Target Support Files/ViewAnimator/ViewAnimator-prefix.pch"; sourceTree = "<group>"; };
		DCB629CF24C1482B00C42EFB /* ViewAnimator-umbrella.h */ = {isa = PBXFileReference; lastKnownFileType = sourcecode.c.h; name = "ViewAnimator-umbrella.h"; path = "Sprout/Target Support Files/ViewAnimator/ViewAnimator-umbrella.h"; sourceTree = "<group>"; };
		DCB629D024C1482B00C42EFB /* ViewAnimator.debug.xcconfig */ = {isa = PBXFileReference; lastKnownFileType = text.xcconfig; name = ViewAnimator.debug.xcconfig; path = "Sprout/Target Support Files/ViewAnimator/ViewAnimator.debug.xcconfig"; sourceTree = "<group>"; };
		DCB629D124C1482B00C42EFB /* ViewAnimator.release.xcconfig */ = {isa = PBXFileReference; lastKnownFileType = text.xcconfig; name = ViewAnimator.release.xcconfig; path = "Sprout/Target Support Files/ViewAnimator/ViewAnimator.release.xcconfig"; sourceTree = "<group>"; };
		DCB629D724C1FBE100C42EFB /* EventVerticalCell.h */ = {isa = PBXFileReference; lastKnownFileType = sourcecode.c.h; path = EventVerticalCell.h; sourceTree = "<group>"; };
		DCB629D824C1FBE100C42EFB /* EventVerticalCell.m */ = {isa = PBXFileReference; lastKnownFileType = sourcecode.c.objc; path = EventVerticalCell.m; sourceTree = "<group>"; };
		DCB629DA24C206A900C42EFB /* PeopleSearchViewController.h */ = {isa = PBXFileReference; lastKnownFileType = sourcecode.c.h; path = PeopleSearchViewController.h; sourceTree = "<group>"; };
		DCB629DB24C206A900C42EFB /* PeopleSearchViewController.m */ = {isa = PBXFileReference; lastKnownFileType = sourcecode.c.objc; path = PeopleSearchViewController.m; sourceTree = "<group>"; };
		DCB629DD24C207B300C42EFB /* PersonCell.h */ = {isa = PBXFileReference; lastKnownFileType = sourcecode.c.h; path = PersonCell.h; sourceTree = "<group>"; };
		DCB629DE24C207B300C42EFB /* PersonCell.m */ = {isa = PBXFileReference; lastKnownFileType = sourcecode.c.objc; path = PersonCell.m; sourceTree = "<group>"; };
		DCB629ED24C620E300C42EFB /* OrgCell.m */ = {isa = PBXFileReference; fileEncoding = 4; lastKnownFileType = sourcecode.c.objc; path = OrgCell.m; sourceTree = "<group>"; };
		DCB629EF24C620E400C42EFB /* OrgCell.h */ = {isa = PBXFileReference; fileEncoding = 4; lastKnownFileType = sourcecode.c.h; path = OrgCell.h; sourceTree = "<group>"; };
		DCB629F324C62C5D00C42EFB /* OrgCollectionCell.h */ = {isa = PBXFileReference; fileEncoding = 4; lastKnownFileType = sourcecode.c.h; path = OrgCollectionCell.h; sourceTree = "<group>"; };
		DCB629F424C62C5D00C42EFB /* OrgCollectionCell.m */ = {isa = PBXFileReference; fileEncoding = 4; lastKnownFileType = sourcecode.c.objc; path = OrgCollectionCell.m; sourceTree = "<group>"; };
		DCB65C1824C753C2005A43A9 /* Post.h */ = {isa = PBXFileReference; lastKnownFileType = sourcecode.c.h; path = Post.h; sourceTree = "<group>"; };
		DCB65C1924C753C2005A43A9 /* Post.m */ = {isa = PBXFileReference; lastKnownFileType = sourcecode.c.objc; path = Post.m; sourceTree = "<group>"; };
		DCB65C1B24C76201005A43A9 /* Helper.h */ = {isa = PBXFileReference; lastKnownFileType = sourcecode.c.h; path = Helper.h; sourceTree = "<group>"; };
		DCB65C1C24C76201005A43A9 /* Helper.m */ = {isa = PBXFileReference; lastKnownFileType = sourcecode.c.objc; path = Helper.m; sourceTree = "<group>"; };
		DCB65C2124C7C44C005A43A9 /* OrgPostCell.h */ = {isa = PBXFileReference; lastKnownFileType = sourcecode.c.h; path = OrgPostCell.h; sourceTree = "<group>"; };
		DCB65C2224C7C44C005A43A9 /* OrgPostCell.m */ = {isa = PBXFileReference; lastKnownFileType = sourcecode.c.objc; path = OrgPostCell.m; sourceTree = "<group>"; };
		DCB65C2424C7C565005A43A9 /* EventPostCell.h */ = {isa = PBXFileReference; lastKnownFileType = sourcecode.c.h; path = EventPostCell.h; sourceTree = "<group>"; };
		DCB65C2524C7C565005A43A9 /* EventPostCell.m */ = {isa = PBXFileReference; lastKnownFileType = sourcecode.c.objc; path = EventPostCell.m; sourceTree = "<group>"; };
		DCB65C2A24C8BA08005A43A9 /* CreatePostViewController.h */ = {isa = PBXFileReference; lastKnownFileType = sourcecode.c.h; path = CreatePostViewController.h; sourceTree = "<group>"; };
		DCB65C2B24C8BA08005A43A9 /* CreatePostViewController.m */ = {isa = PBXFileReference; lastKnownFileType = sourcecode.c.objc; path = CreatePostViewController.m; sourceTree = "<group>"; };
		DCE6FA4924BFA447008091A3 /* EventDetailsViewController.h */ = {isa = PBXFileReference; lastKnownFileType = sourcecode.c.h; path = EventDetailsViewController.h; sourceTree = "<group>"; };
		DCE6FA4A24BFA447008091A3 /* EventDetailsViewController.m */ = {isa = PBXFileReference; lastKnownFileType = sourcecode.c.objc; path = EventDetailsViewController.m; sourceTree = "<group>"; };
		DCE6FA4F24C0AA66008091A3 /* EventCollectionCell.h */ = {isa = PBXFileReference; lastKnownFileType = sourcecode.c.h; path = EventCollectionCell.h; sourceTree = "<group>"; };
		DCE6FA5024C0AA66008091A3 /* EventCollectionCell.m */ = {isa = PBXFileReference; lastKnownFileType = sourcecode.c.objc; path = EventCollectionCell.m; sourceTree = "<group>"; };
		DCE6FA5224C0AB58008091A3 /* ProfileViewController.h */ = {isa = PBXFileReference; lastKnownFileType = sourcecode.c.h; path = ProfileViewController.h; sourceTree = "<group>"; };
		DCE6FA5324C0AB58008091A3 /* ProfileViewController.m */ = {isa = PBXFileReference; lastKnownFileType = sourcecode.c.objc; path = ProfileViewController.m; sourceTree = "<group>"; };
/* End PBXFileReference section */

/* Begin PBXFrameworksBuildPhase section */
		DC3CF14424BCB27900C482F8 /* Frameworks */ = {
			isa = PBXFrameworksBuildPhase;
			buildActionMask = 2147483647;
			files = (
				DC3CF19E24BD014E00C482F8 /* MapKit.framework in Frameworks */,
				96914DC97B5D7FEB18F9ECEA /* Pods_Sprout.framework in Frameworks */,
			);
			runOnlyForDeploymentPostprocessing = 0;
		};
		DC3CF15F24BCB27B00C482F8 /* Frameworks */ = {
			isa = PBXFrameworksBuildPhase;
			buildActionMask = 2147483647;
			files = (
				81AB72F45FD1E8B0011E42B5 /* Pods_SproutTests.framework in Frameworks */,
			);
			runOnlyForDeploymentPostprocessing = 0;
		};
		DC3CF16A24BCB27B00C482F8 /* Frameworks */ = {
			isa = PBXFrameworksBuildPhase;
			buildActionMask = 2147483647;
			files = (
				71634D24B2F97121BD50AC61 /* Pods_Sprout_SproutUITests.framework in Frameworks */,
			);
			runOnlyForDeploymentPostprocessing = 0;
		};
/* End PBXFrameworksBuildPhase section */

/* Begin PBXGroup section */
		B1A93CD764A4119F07F8C4AA /* Pods */ = {
			isa = PBXGroup;
			children = (
				51A0949A8E7C74CAE4064082 /* Pods-Sprout.debug.xcconfig */,
				729CBB20E25699630243856A /* Pods-Sprout.release.xcconfig */,
				733354DC791A13785ABCB2C4 /* Pods-Sprout-SproutUITests.debug.xcconfig */,
				824BECA0D530B3988AD16333 /* Pods-Sprout-SproutUITests.release.xcconfig */,
				4F4EB687FB326027DDA023F2 /* Pods-SproutTests.debug.xcconfig */,
				A52894B29F3980A550B6F8EC /* Pods-SproutTests.release.xcconfig */,
			);
			path = Pods;
			sourceTree = "<group>";
		};
		BF3C9DF82977492A3AF8CA22 /* Frameworks */ = {
			isa = PBXGroup;
			children = (
				DC3CF19D24BD014E00C482F8 /* MapKit.framework */,
				2C799452D22C3D09EFCAA65B /* Pods_Sprout.framework */,
				31E3EC0E29B307EF944F558A /* Pods_Sprout_SproutUITests.framework */,
				4E1698646DDBF05D74B80F63 /* Pods_SproutTests.framework */,
			);
			name = Frameworks;
			sourceTree = "<group>";
		};
		DC3CF13E24BCB27900C482F8 = {
			isa = PBXGroup;
			children = (
				DC3CF14924BCB27900C482F8 /* Sprout */,
				DC3CF16524BCB27B00C482F8 /* SproutTests */,
				DC3CF17024BCB27B00C482F8 /* SproutUITests */,
				DC3CF14824BCB27900C482F8 /* Products */,
				B1A93CD764A4119F07F8C4AA /* Pods */,
				BF3C9DF82977492A3AF8CA22 /* Frameworks */,
			);
			sourceTree = "<group>";
		};
		DC3CF14824BCB27900C482F8 /* Products */ = {
			isa = PBXGroup;
			children = (
				DC3CF14724BCB27900C482F8 /* Sprout.app */,
				DC3CF16224BCB27B00C482F8 /* SproutTests.xctest */,
				DC3CF16D24BCB27B00C482F8 /* SproutUITests.xctest */,
			);
			name = Products;
			sourceTree = "<group>";
		};
		DC3CF14924BCB27900C482F8 /* Sprout */ = {
			isa = PBXGroup;
			children = (
				DC3CF1B724BE1C3E00C482F8 /* MISC */,
				DC3CF18124BCC0BD00C482F8 /* Models */,
				DC3CF18024BCC0B600C482F8 /* Views */,
				DC3CF17F24BCC09900C482F8 /* ViewControllers */,
				DC3CF14A24BCB27900C482F8 /* AppDelegate.h */,
				DC3CF14B24BCB27900C482F8 /* AppDelegate.m */,
				DC3CF14D24BCB27900C482F8 /* SceneDelegate.h */,
				DC3CF14E24BCB27900C482F8 /* SceneDelegate.m */,
				DC3CF15324BCB27900C482F8 /* Main.storyboard */,
				DC3CF15624BCB27A00C482F8 /* Assets.xcassets */,
				DC3CF15824BCB27A00C482F8 /* LaunchScreen.storyboard */,
				DC3CF15B24BCB27A00C482F8 /* Info.plist */,
				DC3CF15C24BCB27A00C482F8 /* main.m */,
				DCB629D324C1482B00C42EFB /* ViewAnimator */,
			);
			path = Sprout;
			sourceTree = "<group>";
		};
		DC3CF16524BCB27B00C482F8 /* SproutTests */ = {
			isa = PBXGroup;
			children = (
				DC3CF16624BCB27B00C482F8 /* SproutTests.m */,
				DC3CF16824BCB27B00C482F8 /* Info.plist */,
			);
			path = SproutTests;
			sourceTree = "<group>";
		};
		DC3CF17024BCB27B00C482F8 /* SproutUITests */ = {
			isa = PBXGroup;
			children = (
				DC3CF17124BCB27B00C482F8 /* SproutUITests.m */,
				DC3CF17324BCB27B00C482F8 /* Info.plist */,
			);
			path = SproutUITests;
			sourceTree = "<group>";
		};
		DC3CF17F24BCC09900C482F8 /* ViewControllers */ = {
			isa = PBXGroup;
			children = (
				DC3CF18224BCC0D700C482F8 /* LoginViewController.h */,
				DC3CF18324BCC0D700C482F8 /* LoginViewController.m */,
				DC3CF18524BCC85900C482F8 /* SearchViewController.h */,
				DC3CF18624BCC85900C482F8 /* SearchViewController.m */,
				DC3CF19F24BD081300C482F8 /* OrgDetailsViewController.h */,
				DC3CF1A024BD081300C482F8 /* OrgDetailsViewController.m */,
				DC3CF1A524BD28DC00C482F8 /* WebViewController.h */,
				DC3CF1A624BD28DC00C482F8 /* WebViewController.m */,
				DC3CF1AE24BE046F00C482F8 /* CreateViewController.h */,
				DC3CF1AF24BE046F00C482F8 /* CreateViewController.m */,
				DC3CF1B124BE05BB00C482F8 /* HomeViewController.h */,
				DC3CF1B224BE05BB00C482F8 /* HomeViewController.m */,
				DC3CF1BE24BF644100C482F8 /* OrgSearchViewController.h */,
				DC3CF1BF24BF644100C482F8 /* OrgSearchViewController.m */,
				DC3CF1C124BF645300C482F8 /* EventSearchViewController.h */,
				DC3CF1C224BF645300C482F8 /* EventSearchViewController.m */,
				DCE6FA4924BFA447008091A3 /* EventDetailsViewController.h */,
				DCE6FA4A24BFA447008091A3 /* EventDetailsViewController.m */,
				DCE6FA5224C0AB58008091A3 /* ProfileViewController.h */,
				DCE6FA5324C0AB58008091A3 /* ProfileViewController.m */,
				DCB629DA24C206A900C42EFB /* PeopleSearchViewController.h */,
				DCB629DB24C206A900C42EFB /* PeopleSearchViewController.m */,
				DCB65C2A24C8BA08005A43A9 /* CreatePostViewController.h */,
				DCB65C2B24C8BA08005A43A9 /* CreatePostViewController.m */,
				DC89989124C9FD00005B2DB9 /* SignUpViewController.h */,
				DC89989224C9FD00005B2DB9 /* SignUpViewController.m */,
				DC91239924CA693F001A4022 /* RequestsViewController.h */,
				DC91239A24CA693F001A4022 /* RequestsViewController.m */,
				DC4732F324D07735006DAE01 /* MapViewController.h */,
				DC4732F424D07735006DAE01 /* MapViewController.m */,
				DC4732F624D09CDC006DAE01 /* FriendsViewController.h */,
				DC4732F724D09CDC006DAE01 /* FriendsViewController.m */,
				DC4732FC24D0E6E5006DAE01 /* EventGroupViewController.h */,
				DC4732FD24D0E6E5006DAE01 /* EventGroupViewController.m */,
			);
			path = ViewControllers;
			sourceTree = "<group>";
		};
		DC3CF18024BCC0B600C482F8 /* Views */ = {
			isa = PBXGroup;
			children = (
				DC3CF1AB24BD590D00C482F8 /* InfiniteScrollActivityView.h */,
				DC3CF1AC24BD590D00C482F8 /* InfiniteScrollActivityView.m */,
				DCE6FA4F24C0AA66008091A3 /* EventCollectionCell.h */,
				DCE6FA5024C0AA66008091A3 /* EventCollectionCell.m */,
				DCB629F324C62C5D00C42EFB /* OrgCollectionCell.h */,
				DCB629F424C62C5D00C42EFB /* OrgCollectionCell.m */,
				DCB629D724C1FBE100C42EFB /* EventVerticalCell.h */,
				DCB629D824C1FBE100C42EFB /* EventVerticalCell.m */,
				DCB629DD24C207B300C42EFB /* PersonCell.h */,
				DCB629DE24C207B300C42EFB /* PersonCell.m */,
				DCB629EF24C620E400C42EFB /* OrgCell.h */,
				DCB629ED24C620E300C42EFB /* OrgCell.m */,
				DCB65C2124C7C44C005A43A9 /* OrgPostCell.h */,
				DCB65C2224C7C44C005A43A9 /* OrgPostCell.m */,
				DCB65C2424C7C565005A43A9 /* EventPostCell.h */,
				DCB65C2524C7C565005A43A9 /* EventPostCell.m */,
				DC91239C24CA6A38001A4022 /* RequestCell.h */,
				DC91239D24CA6A38001A4022 /* RequestCell.m */,
				DC4732F924D09F3B006DAE01 /* FriendCell.h */,
				DC4732FA24D09F3B006DAE01 /* FriendCell.m */,
				DC4732FF24D1D6EA006DAE01 /* EventGroupCell.h */,
				DC47330024D1D6EA006DAE01 /* EventGroupCell.m */,
				DC47330224D1DE27006DAE01 /* CommentCell.h */,
				DC47330324D1DE27006DAE01 /* CommentCell.m */,
			);
			path = Views;
			sourceTree = "<group>";
		};
		DC3CF18124BCC0BD00C482F8 /* Models */ = {
			isa = PBXGroup;
			children = (
				DC3CF19224BCE2D900C482F8 /* Organization.h */,
				DC3CF19324BCE2D900C482F8 /* Organization.m */,
				DC3CF19C24BCF2AD00C482F8 /* Location.h */,
				DC3CF19A24BCF28D00C482F8 /* Location.m */,
				DC3CF1BB24BE500C00C482F8 /* Event.h */,
				DC3CF1BC24BE500C00C482F8 /* Event.m */,
				DCB65C1824C753C2005A43A9 /* Post.h */,
				DCB65C1924C753C2005A43A9 /* Post.m */,
				DC47330524D1E074006DAE01 /* Comment.h */,
				DC47330624D1E074006DAE01 /* Comment.m */,
			);
			path = Models;
			sourceTree = "<group>";
		};
		DC3CF1B724BE1C3E00C482F8 /* MISC */ = {
			isa = PBXGroup;
			children = (
				DC91239F24CB3330001A4022 /* noun_sprout.png */,
				DC3CF1A224BD23FC00C482F8 /* APIManager.h */,
				DC3CF1A324BD23FC00C482F8 /* APIManager.m */,
				DC3CF1A824BD539400C482F8 /* Constants.h */,
				DC3CF1A924BD53A900C482F8 /* Constants.m */,
				DC3CF1B824BE1D6100C482F8 /* LocationManager.h */,
				DC3CF1B924BE1D6100C482F8 /* LocationManager.m */,
				DCB65C1B24C76201005A43A9 /* Helper.h */,
				DCB65C1C24C76201005A43A9 /* Helper.m */,
			);
			path = MISC;
			sourceTree = "<group>";
		};
		DCB629D224C1482B00C42EFB /* Support Files */ = {
			isa = PBXGroup;
			children = (
				DCB629CB24C1482B00C42EFB /* ViewAnimator.modulemap */,
				DCB629CC24C1482B00C42EFB /* ViewAnimator-dummy.m */,
				DCB629CD24C1482B00C42EFB /* ViewAnimator-Info.plist */,
				DCB629CE24C1482B00C42EFB /* ViewAnimator-prefix.pch */,
				DCB629CF24C1482B00C42EFB /* ViewAnimator-umbrella.h */,
				DCB629D024C1482B00C42EFB /* ViewAnimator.debug.xcconfig */,
				DCB629D124C1482B00C42EFB /* ViewAnimator.release.xcconfig */,
			);
			name = "Support Files";
			path = "../Target Support Files/ViewAnimator";
			sourceTree = "<group>";
		};
		DCB629D324C1482B00C42EFB /* ViewAnimator */ = {
			isa = PBXGroup;
			children = (
				DCB629C424C1482B00C42EFB /* Animation.swift */,
				DCB629C524C1482B00C42EFB /* AnimationType.swift */,
				DCB629C624C1482B00C42EFB /* Direction.swift */,
				DCB629C724C1482B00C42EFB /* UICollectionView + ViewAnimator.swift */,
				DCB629C824C1482B00C42EFB /* UITableView + ViewAnimator.swift */,
				DCB629C924C1482B00C42EFB /* ViewAnimator.swift */,
				DCB629CA24C1482B00C42EFB /* ViewAnimatorConfig.swift */,
				DCB629D224C1482B00C42EFB /* Support Files */,
			);
			path = ViewAnimator;
			sourceTree = "<group>";
		};
/* End PBXGroup section */

/* Begin PBXNativeTarget section */
		DC3CF14624BCB27900C482F8 /* Sprout */ = {
			isa = PBXNativeTarget;
			buildConfigurationList = DC3CF17624BCB27B00C482F8 /* Build configuration list for PBXNativeTarget "Sprout" */;
			buildPhases = (
				8BAD3649CF95D6F06A4D3030 /* [CP] Check Pods Manifest.lock */,
				DC3CF14324BCB27900C482F8 /* Sources */,
				DC3CF14424BCB27900C482F8 /* Frameworks */,
				DC3CF14524BCB27900C482F8 /* Resources */,
				6CD7E2B9826A21F5EEEACA56 /* [CP] Embed Pods Frameworks */,
				D0C742734531C268E76B2F47 /* [CP] Copy Pods Resources */,
			);
			buildRules = (
			);
			dependencies = (
			);
			name = Sprout;
			productName = Sprout;
			productReference = DC3CF14724BCB27900C482F8 /* Sprout.app */;
			productType = "com.apple.product-type.application";
		};
		DC3CF16124BCB27B00C482F8 /* SproutTests */ = {
			isa = PBXNativeTarget;
			buildConfigurationList = DC3CF17924BCB27B00C482F8 /* Build configuration list for PBXNativeTarget "SproutTests" */;
			buildPhases = (
				0D2654C628399009199660D2 /* [CP] Check Pods Manifest.lock */,
				DC3CF15E24BCB27B00C482F8 /* Sources */,
				DC3CF15F24BCB27B00C482F8 /* Frameworks */,
				DC3CF16024BCB27B00C482F8 /* Resources */,
			);
			buildRules = (
			);
			dependencies = (
				DC3CF16424BCB27B00C482F8 /* PBXTargetDependency */,
			);
			name = SproutTests;
			productName = SproutTests;
			productReference = DC3CF16224BCB27B00C482F8 /* SproutTests.xctest */;
			productType = "com.apple.product-type.bundle.unit-test";
		};
		DC3CF16C24BCB27B00C482F8 /* SproutUITests */ = {
			isa = PBXNativeTarget;
			buildConfigurationList = DC3CF17C24BCB27B00C482F8 /* Build configuration list for PBXNativeTarget "SproutUITests" */;
			buildPhases = (
				B26F3A11A2A06D7D9AF19A19 /* [CP] Check Pods Manifest.lock */,
				DC3CF16924BCB27B00C482F8 /* Sources */,
				DC3CF16A24BCB27B00C482F8 /* Frameworks */,
				DC3CF16B24BCB27B00C482F8 /* Resources */,
				C8C928CA5F1FB0BA72309184 /* [CP] Embed Pods Frameworks */,
				EB3E39390CBA6E8AC6287AA0 /* [CP] Copy Pods Resources */,
			);
			buildRules = (
			);
			dependencies = (
				DC3CF16F24BCB27B00C482F8 /* PBXTargetDependency */,
			);
			name = SproutUITests;
			productName = SproutUITests;
			productReference = DC3CF16D24BCB27B00C482F8 /* SproutUITests.xctest */;
			productType = "com.apple.product-type.bundle.ui-testing";
		};
/* End PBXNativeTarget section */

/* Begin PBXProject section */
		DC3CF13F24BCB27900C482F8 /* Project object */ = {
			isa = PBXProject;
			attributes = {
				LastUpgradeCheck = 1150;
				ORGANIZATIONNAME = laurentsai;
				TargetAttributes = {
					DC3CF14624BCB27900C482F8 = {
						CreatedOnToolsVersion = 11.5;
					};
					DC3CF16124BCB27B00C482F8 = {
						CreatedOnToolsVersion = 11.5;
						TestTargetID = DC3CF14624BCB27900C482F8;
					};
					DC3CF16C24BCB27B00C482F8 = {
						CreatedOnToolsVersion = 11.5;
						TestTargetID = DC3CF14624BCB27900C482F8;
					};
				};
			};
			buildConfigurationList = DC3CF14224BCB27900C482F8 /* Build configuration list for PBXProject "Sprout" */;
			compatibilityVersion = "Xcode 9.3";
			developmentRegion = en;
			hasScannedForEncodings = 0;
			knownRegions = (
				en,
				Base,
			);
			mainGroup = DC3CF13E24BCB27900C482F8;
			productRefGroup = DC3CF14824BCB27900C482F8 /* Products */;
			projectDirPath = "";
			projectRoot = "";
			targets = (
				DC3CF14624BCB27900C482F8 /* Sprout */,
				DC3CF16124BCB27B00C482F8 /* SproutTests */,
				DC3CF16C24BCB27B00C482F8 /* SproutUITests */,
			);
		};
/* End PBXProject section */

/* Begin PBXResourcesBuildPhase section */
		DC3CF14524BCB27900C482F8 /* Resources */ = {
			isa = PBXResourcesBuildPhase;
			buildActionMask = 2147483647;
			files = (
				DC3CF15A24BCB27A00C482F8 /* LaunchScreen.storyboard in Resources */,
				DC3CF15724BCB27A00C482F8 /* Assets.xcassets in Resources */,
				DC9123A024CB3330001A4022 /* noun_sprout.png in Resources */,
				DC3CF15524BCB27900C482F8 /* Main.storyboard in Resources */,
			);
			runOnlyForDeploymentPostprocessing = 0;
		};
		DC3CF16024BCB27B00C482F8 /* Resources */ = {
			isa = PBXResourcesBuildPhase;
			buildActionMask = 2147483647;
			files = (
			);
			runOnlyForDeploymentPostprocessing = 0;
		};
		DC3CF16B24BCB27B00C482F8 /* Resources */ = {
			isa = PBXResourcesBuildPhase;
			buildActionMask = 2147483647;
			files = (
			);
			runOnlyForDeploymentPostprocessing = 0;
		};
/* End PBXResourcesBuildPhase section */

/* Begin PBXShellScriptBuildPhase section */
		0D2654C628399009199660D2 /* [CP] Check Pods Manifest.lock */ = {
			isa = PBXShellScriptBuildPhase;
			buildActionMask = 2147483647;
			files = (
			);
			inputFileListPaths = (
			);
			inputPaths = (
				"${PODS_PODFILE_DIR_PATH}/Podfile.lock",
				"${PODS_ROOT}/Manifest.lock",
			);
			name = "[CP] Check Pods Manifest.lock";
			outputFileListPaths = (
			);
			outputPaths = (
				"$(DERIVED_FILE_DIR)/Pods-SproutTests-checkManifestLockResult.txt",
			);
			runOnlyForDeploymentPostprocessing = 0;
			shellPath = /bin/sh;
			shellScript = "diff \"${PODS_PODFILE_DIR_PATH}/Podfile.lock\" \"${PODS_ROOT}/Manifest.lock\" > /dev/null\nif [ $? != 0 ] ; then\n    # print error to STDERR\n    echo \"error: The sandbox is not in sync with the Podfile.lock. Run 'pod install' or update your CocoaPods installation.\" >&2\n    exit 1\nfi\n# This output is used by Xcode 'outputs' to avoid re-running this script phase.\necho \"SUCCESS\" > \"${SCRIPT_OUTPUT_FILE_0}\"\n";
			showEnvVarsInLog = 0;
		};
		6CD7E2B9826A21F5EEEACA56 /* [CP] Embed Pods Frameworks */ = {
			isa = PBXShellScriptBuildPhase;
			buildActionMask = 2147483647;
			files = (
			);
			inputFileListPaths = (
				"${PODS_ROOT}/Target Support Files/Pods-Sprout/Pods-Sprout-frameworks-${CONFIGURATION}-input-files.xcfilelist",
			);
			name = "[CP] Embed Pods Frameworks";
			outputFileListPaths = (
				"${PODS_ROOT}/Target Support Files/Pods-Sprout/Pods-Sprout-frameworks-${CONFIGURATION}-output-files.xcfilelist",
			);
			runOnlyForDeploymentPostprocessing = 0;
			shellPath = /bin/sh;
			shellScript = "\"${PODS_ROOT}/Target Support Files/Pods-Sprout/Pods-Sprout-frameworks.sh\"\n";
			showEnvVarsInLog = 0;
		};
		8BAD3649CF95D6F06A4D3030 /* [CP] Check Pods Manifest.lock */ = {
			isa = PBXShellScriptBuildPhase;
			buildActionMask = 2147483647;
			files = (
			);
			inputFileListPaths = (
			);
			inputPaths = (
				"${PODS_PODFILE_DIR_PATH}/Podfile.lock",
				"${PODS_ROOT}/Manifest.lock",
			);
			name = "[CP] Check Pods Manifest.lock";
			outputFileListPaths = (
			);
			outputPaths = (
				"$(DERIVED_FILE_DIR)/Pods-Sprout-checkManifestLockResult.txt",
			);
			runOnlyForDeploymentPostprocessing = 0;
			shellPath = /bin/sh;
			shellScript = "diff \"${PODS_PODFILE_DIR_PATH}/Podfile.lock\" \"${PODS_ROOT}/Manifest.lock\" > /dev/null\nif [ $? != 0 ] ; then\n    # print error to STDERR\n    echo \"error: The sandbox is not in sync with the Podfile.lock. Run 'pod install' or update your CocoaPods installation.\" >&2\n    exit 1\nfi\n# This output is used by Xcode 'outputs' to avoid re-running this script phase.\necho \"SUCCESS\" > \"${SCRIPT_OUTPUT_FILE_0}\"\n";
			showEnvVarsInLog = 0;
		};
		B26F3A11A2A06D7D9AF19A19 /* [CP] Check Pods Manifest.lock */ = {
			isa = PBXShellScriptBuildPhase;
			buildActionMask = 2147483647;
			files = (
			);
			inputFileListPaths = (
			);
			inputPaths = (
				"${PODS_PODFILE_DIR_PATH}/Podfile.lock",
				"${PODS_ROOT}/Manifest.lock",
			);
			name = "[CP] Check Pods Manifest.lock";
			outputFileListPaths = (
			);
			outputPaths = (
				"$(DERIVED_FILE_DIR)/Pods-Sprout-SproutUITests-checkManifestLockResult.txt",
			);
			runOnlyForDeploymentPostprocessing = 0;
			shellPath = /bin/sh;
			shellScript = "diff \"${PODS_PODFILE_DIR_PATH}/Podfile.lock\" \"${PODS_ROOT}/Manifest.lock\" > /dev/null\nif [ $? != 0 ] ; then\n    # print error to STDERR\n    echo \"error: The sandbox is not in sync with the Podfile.lock. Run 'pod install' or update your CocoaPods installation.\" >&2\n    exit 1\nfi\n# This output is used by Xcode 'outputs' to avoid re-running this script phase.\necho \"SUCCESS\" > \"${SCRIPT_OUTPUT_FILE_0}\"\n";
			showEnvVarsInLog = 0;
		};
		C8C928CA5F1FB0BA72309184 /* [CP] Embed Pods Frameworks */ = {
			isa = PBXShellScriptBuildPhase;
			buildActionMask = 2147483647;
			files = (
			);
			inputFileListPaths = (
				"${PODS_ROOT}/Target Support Files/Pods-Sprout-SproutUITests/Pods-Sprout-SproutUITests-frameworks-${CONFIGURATION}-input-files.xcfilelist",
			);
			name = "[CP] Embed Pods Frameworks";
			outputFileListPaths = (
				"${PODS_ROOT}/Target Support Files/Pods-Sprout-SproutUITests/Pods-Sprout-SproutUITests-frameworks-${CONFIGURATION}-output-files.xcfilelist",
			);
			runOnlyForDeploymentPostprocessing = 0;
			shellPath = /bin/sh;
			shellScript = "\"${PODS_ROOT}/Target Support Files/Pods-Sprout-SproutUITests/Pods-Sprout-SproutUITests-frameworks.sh\"\n";
			showEnvVarsInLog = 0;
		};
		D0C742734531C268E76B2F47 /* [CP] Copy Pods Resources */ = {
			isa = PBXShellScriptBuildPhase;
			buildActionMask = 2147483647;
			files = (
			);
			inputFileListPaths = (
				"${PODS_ROOT}/Target Support Files/Pods-Sprout/Pods-Sprout-resources-${CONFIGURATION}-input-files.xcfilelist",
			);
			name = "[CP] Copy Pods Resources";
			outputFileListPaths = (
				"${PODS_ROOT}/Target Support Files/Pods-Sprout/Pods-Sprout-resources-${CONFIGURATION}-output-files.xcfilelist",
			);
			runOnlyForDeploymentPostprocessing = 0;
			shellPath = /bin/sh;
			shellScript = "\"${PODS_ROOT}/Target Support Files/Pods-Sprout/Pods-Sprout-resources.sh\"\n";
			showEnvVarsInLog = 0;
		};
		EB3E39390CBA6E8AC6287AA0 /* [CP] Copy Pods Resources */ = {
			isa = PBXShellScriptBuildPhase;
			buildActionMask = 2147483647;
			files = (
			);
			inputFileListPaths = (
				"${PODS_ROOT}/Target Support Files/Pods-Sprout-SproutUITests/Pods-Sprout-SproutUITests-resources-${CONFIGURATION}-input-files.xcfilelist",
			);
			name = "[CP] Copy Pods Resources";
			outputFileListPaths = (
				"${PODS_ROOT}/Target Support Files/Pods-Sprout-SproutUITests/Pods-Sprout-SproutUITests-resources-${CONFIGURATION}-output-files.xcfilelist",
			);
			runOnlyForDeploymentPostprocessing = 0;
			shellPath = /bin/sh;
			shellScript = "\"${PODS_ROOT}/Target Support Files/Pods-Sprout-SproutUITests/Pods-Sprout-SproutUITests-resources.sh\"\n";
			showEnvVarsInLog = 0;
		};
/* End PBXShellScriptBuildPhase section */

/* Begin PBXSourcesBuildPhase section */
		DC3CF14324BCB27900C482F8 /* Sources */ = {
			isa = PBXSourcesBuildPhase;
			buildActionMask = 2147483647;
			files = (
				DCB629F524C62C5D00C42EFB /* OrgCollectionCell.m in Sources */,
				DC3CF1BA24BE1D6100C482F8 /* LocationManager.m in Sources */,
				DC3CF1AD24BD590D00C482F8 /* InfiniteScrollActivityView.m in Sources */,
				DC47330424D1DE27006DAE01 /* CommentCell.m in Sources */,
				DC3CF14C24BCB27900C482F8 /* AppDelegate.m in Sources */,
				DCB65C2C24C8BA08005A43A9 /* CreatePostViewController.m in Sources */,
				DC91239B24CA693F001A4022 /* RequestsViewController.m in Sources */,
				DC3CF1A124BD081300C482F8 /* OrgDetailsViewController.m in Sources */,
				DC89989324C9FD00005B2DB9 /* SignUpViewController.m in Sources */,
				DCE6FA5124C0AA66008091A3 /* EventCollectionCell.m in Sources */,
				DC4732FB24D09F3B006DAE01 /* FriendCell.m in Sources */,
				DCB65C1D24C76201005A43A9 /* Helper.m in Sources */,
				DCB65C2624C7C565005A43A9 /* EventPostCell.m in Sources */,
				DC3CF1A724BD28DC00C482F8 /* WebViewController.m in Sources */,
				DC4732F824D09CDC006DAE01 /* FriendsViewController.m in Sources */,
				DCB629DF24C207B300C42EFB /* PersonCell.m in Sources */,
				DCB65C2324C7C44C005A43A9 /* OrgPostCell.m in Sources */,
				DCB629D924C1FBE100C42EFB /* EventVerticalCell.m in Sources */,
				DC3CF1C024BF644100C482F8 /* OrgSearchViewController.m in Sources */,
				DC3CF15D24BCB27A00C482F8 /* main.m in Sources */,
				DC91239E24CA6A38001A4022 /* RequestCell.m in Sources */,
				DC3CF1BD24BE500C00C482F8 /* Event.m in Sources */,
				DCE6FA5424C0AB58008091A3 /* ProfileViewController.m in Sources */,
				DCE6FA4B24BFA447008091A3 /* EventDetailsViewController.m in Sources */,
				DC3CF1A424BD23FC00C482F8 /* APIManager.m in Sources */,
				DC3CF18724BCC85900C482F8 /* SearchViewController.m in Sources */,
				DC3CF1B324BE05BB00C482F8 /* HomeViewController.m in Sources */,
				DC3CF1C324BF645300C482F8 /* EventSearchViewController.m in Sources */,
				DC3CF14F24BCB27900C482F8 /* SceneDelegate.m in Sources */,
				DC47330724D1E074006DAE01 /* Comment.m in Sources */,
				DC47330124D1D6EA006DAE01 /* EventGroupCell.m in Sources */,
				DC3CF19424BCE2DA00C482F8 /* Organization.m in Sources */,
				DC4732F524D07735006DAE01 /* MapViewController.m in Sources */,
				DC3CF1B024BE046F00C482F8 /* CreateViewController.m in Sources */,
				DC4732FE24D0E6E5006DAE01 /* EventGroupViewController.m in Sources */,
				DC3CF19B24BCF28E00C482F8 /* Location.m in Sources */,
				DCB629F124C620E400C42EFB /* OrgCell.m in Sources */,
				DC3CF18424BCC0D700C482F8 /* LoginViewController.m in Sources */,
				DCB629DC24C206A900C42EFB /* PeopleSearchViewController.m in Sources */,
				DC3CF1AA24BD53A900C482F8 /* Constants.m in Sources */,
				DCB65C1A24C753C2005A43A9 /* Post.m in Sources */,
			);
			runOnlyForDeploymentPostprocessing = 0;
		};
		DC3CF15E24BCB27B00C482F8 /* Sources */ = {
			isa = PBXSourcesBuildPhase;
			buildActionMask = 2147483647;
			files = (
				DC3CF16724BCB27B00C482F8 /* SproutTests.m in Sources */,
			);
			runOnlyForDeploymentPostprocessing = 0;
		};
		DC3CF16924BCB27B00C482F8 /* Sources */ = {
			isa = PBXSourcesBuildPhase;
			buildActionMask = 2147483647;
			files = (
				DC3CF17224BCB27B00C482F8 /* SproutUITests.m in Sources */,
			);
			runOnlyForDeploymentPostprocessing = 0;
		};
/* End PBXSourcesBuildPhase section */

/* Begin PBXTargetDependency section */
		DC3CF16424BCB27B00C482F8 /* PBXTargetDependency */ = {
			isa = PBXTargetDependency;
			target = DC3CF14624BCB27900C482F8 /* Sprout */;
			targetProxy = DC3CF16324BCB27B00C482F8 /* PBXContainerItemProxy */;
		};
		DC3CF16F24BCB27B00C482F8 /* PBXTargetDependency */ = {
			isa = PBXTargetDependency;
			target = DC3CF14624BCB27900C482F8 /* Sprout */;
			targetProxy = DC3CF16E24BCB27B00C482F8 /* PBXContainerItemProxy */;
		};
/* End PBXTargetDependency section */

/* Begin PBXVariantGroup section */
		DC3CF15324BCB27900C482F8 /* Main.storyboard */ = {
			isa = PBXVariantGroup;
			children = (
				DC3CF15424BCB27900C482F8 /* Base */,
			);
			name = Main.storyboard;
			sourceTree = "<group>";
		};
		DC3CF15824BCB27A00C482F8 /* LaunchScreen.storyboard */ = {
			isa = PBXVariantGroup;
			children = (
				DC3CF15924BCB27A00C482F8 /* Base */,
			);
			name = LaunchScreen.storyboard;
			sourceTree = "<group>";
		};
/* End PBXVariantGroup section */

/* Begin XCBuildConfiguration section */
		DC3CF17424BCB27B00C482F8 /* Debug */ = {
			isa = XCBuildConfiguration;
			buildSettings = {
				ALWAYS_SEARCH_USER_PATHS = NO;
				CLANG_ANALYZER_NONNULL = YES;
				CLANG_ANALYZER_NUMBER_OBJECT_CONVERSION = YES_AGGRESSIVE;
				CLANG_CXX_LANGUAGE_STANDARD = "gnu++14";
				CLANG_CXX_LIBRARY = "libc++";
				CLANG_ENABLE_MODULES = YES;
				CLANG_ENABLE_OBJC_ARC = YES;
				CLANG_ENABLE_OBJC_WEAK = YES;
				CLANG_WARN_BLOCK_CAPTURE_AUTORELEASING = YES;
				CLANG_WARN_BOOL_CONVERSION = YES;
				CLANG_WARN_COMMA = YES;
				CLANG_WARN_CONSTANT_CONVERSION = YES;
				CLANG_WARN_DEPRECATED_OBJC_IMPLEMENTATIONS = YES;
				CLANG_WARN_DIRECT_OBJC_ISA_USAGE = YES_ERROR;
				CLANG_WARN_DOCUMENTATION_COMMENTS = YES;
				CLANG_WARN_EMPTY_BODY = YES;
				CLANG_WARN_ENUM_CONVERSION = YES;
				CLANG_WARN_INFINITE_RECURSION = YES;
				CLANG_WARN_INT_CONVERSION = YES;
				CLANG_WARN_NON_LITERAL_NULL_CONVERSION = YES;
				CLANG_WARN_OBJC_IMPLICIT_RETAIN_SELF = YES;
				CLANG_WARN_OBJC_LITERAL_CONVERSION = YES;
				CLANG_WARN_OBJC_ROOT_CLASS = YES_ERROR;
				CLANG_WARN_RANGE_LOOP_ANALYSIS = YES;
				CLANG_WARN_STRICT_PROTOTYPES = YES;
				CLANG_WARN_SUSPICIOUS_MOVE = YES;
				CLANG_WARN_UNGUARDED_AVAILABILITY = YES_AGGRESSIVE;
				CLANG_WARN_UNREACHABLE_CODE = YES;
				CLANG_WARN__DUPLICATE_METHOD_MATCH = YES;
				COPY_PHASE_STRIP = NO;
				DEBUG_INFORMATION_FORMAT = dwarf;
				ENABLE_STRICT_OBJC_MSGSEND = YES;
				ENABLE_TESTABILITY = YES;
				GCC_C_LANGUAGE_STANDARD = gnu11;
				GCC_DYNAMIC_NO_PIC = NO;
				GCC_NO_COMMON_BLOCKS = YES;
				GCC_OPTIMIZATION_LEVEL = 0;
				GCC_PREPROCESSOR_DEFINITIONS = (
					"DEBUG=1",
					"$(inherited)",
				);
				GCC_WARN_64_TO_32_BIT_CONVERSION = YES;
				GCC_WARN_ABOUT_RETURN_TYPE = YES_ERROR;
				GCC_WARN_UNDECLARED_SELECTOR = YES;
				GCC_WARN_UNINITIALIZED_AUTOS = YES_AGGRESSIVE;
				GCC_WARN_UNUSED_FUNCTION = YES;
				GCC_WARN_UNUSED_VARIABLE = YES;
				IPHONEOS_DEPLOYMENT_TARGET = 13.5;
				MTL_ENABLE_DEBUG_INFO = INCLUDE_SOURCE;
				MTL_FAST_MATH = YES;
				ONLY_ACTIVE_ARCH = YES;
				SDKROOT = iphoneos;
			};
			name = Debug;
		};
		DC3CF17524BCB27B00C482F8 /* Release */ = {
			isa = XCBuildConfiguration;
			buildSettings = {
				ALWAYS_SEARCH_USER_PATHS = NO;
				CLANG_ANALYZER_NONNULL = YES;
				CLANG_ANALYZER_NUMBER_OBJECT_CONVERSION = YES_AGGRESSIVE;
				CLANG_CXX_LANGUAGE_STANDARD = "gnu++14";
				CLANG_CXX_LIBRARY = "libc++";
				CLANG_ENABLE_MODULES = YES;
				CLANG_ENABLE_OBJC_ARC = YES;
				CLANG_ENABLE_OBJC_WEAK = YES;
				CLANG_WARN_BLOCK_CAPTURE_AUTORELEASING = YES;
				CLANG_WARN_BOOL_CONVERSION = YES;
				CLANG_WARN_COMMA = YES;
				CLANG_WARN_CONSTANT_CONVERSION = YES;
				CLANG_WARN_DEPRECATED_OBJC_IMPLEMENTATIONS = YES;
				CLANG_WARN_DIRECT_OBJC_ISA_USAGE = YES_ERROR;
				CLANG_WARN_DOCUMENTATION_COMMENTS = YES;
				CLANG_WARN_EMPTY_BODY = YES;
				CLANG_WARN_ENUM_CONVERSION = YES;
				CLANG_WARN_INFINITE_RECURSION = YES;
				CLANG_WARN_INT_CONVERSION = YES;
				CLANG_WARN_NON_LITERAL_NULL_CONVERSION = YES;
				CLANG_WARN_OBJC_IMPLICIT_RETAIN_SELF = YES;
				CLANG_WARN_OBJC_LITERAL_CONVERSION = YES;
				CLANG_WARN_OBJC_ROOT_CLASS = YES_ERROR;
				CLANG_WARN_RANGE_LOOP_ANALYSIS = YES;
				CLANG_WARN_STRICT_PROTOTYPES = YES;
				CLANG_WARN_SUSPICIOUS_MOVE = YES;
				CLANG_WARN_UNGUARDED_AVAILABILITY = YES_AGGRESSIVE;
				CLANG_WARN_UNREACHABLE_CODE = YES;
				CLANG_WARN__DUPLICATE_METHOD_MATCH = YES;
				COPY_PHASE_STRIP = NO;
				DEBUG_INFORMATION_FORMAT = "dwarf-with-dsym";
				ENABLE_NS_ASSERTIONS = NO;
				ENABLE_STRICT_OBJC_MSGSEND = YES;
				GCC_C_LANGUAGE_STANDARD = gnu11;
				GCC_NO_COMMON_BLOCKS = YES;
				GCC_WARN_64_TO_32_BIT_CONVERSION = YES;
				GCC_WARN_ABOUT_RETURN_TYPE = YES_ERROR;
				GCC_WARN_UNDECLARED_SELECTOR = YES;
				GCC_WARN_UNINITIALIZED_AUTOS = YES_AGGRESSIVE;
				GCC_WARN_UNUSED_FUNCTION = YES;
				GCC_WARN_UNUSED_VARIABLE = YES;
				IPHONEOS_DEPLOYMENT_TARGET = 13.5;
				MTL_ENABLE_DEBUG_INFO = NO;
				MTL_FAST_MATH = YES;
				SDKROOT = iphoneos;
				VALIDATE_PRODUCT = YES;
			};
			name = Release;
		};
		DC3CF17724BCB27B00C482F8 /* Debug */ = {
			isa = XCBuildConfiguration;
			baseConfigurationReference = 51A0949A8E7C74CAE4064082 /* Pods-Sprout.debug.xcconfig */;
			buildSettings = {
				ASSETCATALOG_COMPILER_APPICON_NAME = AppIcon;
				CODE_SIGN_STYLE = Automatic;
				DEVELOPMENT_TEAM = SL6QTNT4Q5;
				INFOPLIST_FILE = Sprout/Info.plist;
				LD_RUNPATH_SEARCH_PATHS = (
					"$(inherited)",
					"@executable_path/Frameworks",
				);
				PRODUCT_BUNDLE_IDENTIFIER = com.laurentsai.Sprout;
				PRODUCT_NAME = "$(TARGET_NAME)";
				TARGETED_DEVICE_FAMILY = "1,2";
			};
			name = Debug;
		};
		DC3CF17824BCB27B00C482F8 /* Release */ = {
			isa = XCBuildConfiguration;
			baseConfigurationReference = 729CBB20E25699630243856A /* Pods-Sprout.release.xcconfig */;
			buildSettings = {
				ASSETCATALOG_COMPILER_APPICON_NAME = AppIcon;
				CODE_SIGN_STYLE = Automatic;
				DEVELOPMENT_TEAM = SL6QTNT4Q5;
				HEADER_SEARCH_PATHS = (
					"$(inherited)",
					"\"${PODS_CONFIGURATION_BUILD_DIR}/AFNetworking/AFNetworking.framework/Headers\"",
					"\"${PODS_CONFIGURATION_BUILD_DIR}/Bolts/Bolts.framework/Headers\"",
					"\"${PODS_CONFIGURATION_BUILD_DIR}/DateTools/DateTools.framework/Headers\"",
					"\"${PODS_CONFIGURATION_BUILD_DIR}/MBProgressHUD/MBProgressHUD.framework/Headers\"",
					"\"${PODS_CONFIGURATION_BUILD_DIR}/Parse/Parse.framework/Headers\"",
					"\"${PODS_CONFIGURATION_BUILD_DIR}/SkeletonView/SkeletonView.framework/Headers\"",
					"\"${PODS_CONFIGURATION_BUILD_DIR}/\"/**",
				);
				INFOPLIST_FILE = Sprout/Info.plist;
				LD_RUNPATH_SEARCH_PATHS = (
					"$(inherited)",
					"@executable_path/Frameworks",
				);
				PRODUCT_BUNDLE_IDENTIFIER = com.laurentsai.Sprout;
				PRODUCT_NAME = "$(TARGET_NAME)";
				TARGETED_DEVICE_FAMILY = "1,2";
			};
			name = Release;
		};
		DC3CF17A24BCB27B00C482F8 /* Debug */ = {
			isa = XCBuildConfiguration;
			baseConfigurationReference = 4F4EB687FB326027DDA023F2 /* Pods-SproutTests.debug.xcconfig */;
			buildSettings = {
				BUNDLE_LOADER = "$(TEST_HOST)";
				CODE_SIGN_STYLE = Automatic;
				INFOPLIST_FILE = SproutTests/Info.plist;
				IPHONEOS_DEPLOYMENT_TARGET = 13.5;
				LD_RUNPATH_SEARCH_PATHS = (
					"$(inherited)",
					"@executable_path/Frameworks",
					"@loader_path/Frameworks",
				);
				PRODUCT_BUNDLE_IDENTIFIER = com.laurentsai.SproutTests;
				PRODUCT_NAME = "$(TARGET_NAME)";
				TARGETED_DEVICE_FAMILY = "1,2";
				TEST_HOST = "$(BUILT_PRODUCTS_DIR)/Sprout.app/Sprout";
			};
			name = Debug;
		};
		DC3CF17B24BCB27B00C482F8 /* Release */ = {
			isa = XCBuildConfiguration;
			baseConfigurationReference = A52894B29F3980A550B6F8EC /* Pods-SproutTests.release.xcconfig */;
			buildSettings = {
				BUNDLE_LOADER = "$(TEST_HOST)";
				CODE_SIGN_STYLE = Automatic;
				INFOPLIST_FILE = SproutTests/Info.plist;
				IPHONEOS_DEPLOYMENT_TARGET = 13.5;
				LD_RUNPATH_SEARCH_PATHS = (
					"$(inherited)",
					"@executable_path/Frameworks",
					"@loader_path/Frameworks",
				);
				PRODUCT_BUNDLE_IDENTIFIER = com.laurentsai.SproutTests;
				PRODUCT_NAME = "$(TARGET_NAME)";
				TARGETED_DEVICE_FAMILY = "1,2";
				TEST_HOST = "$(BUILT_PRODUCTS_DIR)/Sprout.app/Sprout";
			};
			name = Release;
		};
		DC3CF17D24BCB27B00C482F8 /* Debug */ = {
			isa = XCBuildConfiguration;
			baseConfigurationReference = 733354DC791A13785ABCB2C4 /* Pods-Sprout-SproutUITests.debug.xcconfig */;
			buildSettings = {
				CODE_SIGN_STYLE = Automatic;
				INFOPLIST_FILE = SproutUITests/Info.plist;
				LD_RUNPATH_SEARCH_PATHS = (
					"$(inherited)",
					"@executable_path/Frameworks",
					"@loader_path/Frameworks",
				);
				PRODUCT_BUNDLE_IDENTIFIER = com.laurentsai.SproutUITests;
				PRODUCT_NAME = "$(TARGET_NAME)";
				TARGETED_DEVICE_FAMILY = "1,2";
				TEST_TARGET_NAME = Sprout;
			};
			name = Debug;
		};
		DC3CF17E24BCB27B00C482F8 /* Release */ = {
			isa = XCBuildConfiguration;
			baseConfigurationReference = 824BECA0D530B3988AD16333 /* Pods-Sprout-SproutUITests.release.xcconfig */;
			buildSettings = {
				CODE_SIGN_STYLE = Automatic;
				INFOPLIST_FILE = SproutUITests/Info.plist;
				LD_RUNPATH_SEARCH_PATHS = (
					"$(inherited)",
					"@executable_path/Frameworks",
					"@loader_path/Frameworks",
				);
				PRODUCT_BUNDLE_IDENTIFIER = com.laurentsai.SproutUITests;
				PRODUCT_NAME = "$(TARGET_NAME)";
				TARGETED_DEVICE_FAMILY = "1,2";
				TEST_TARGET_NAME = Sprout;
			};
			name = Release;
		};
/* End XCBuildConfiguration section */

/* Begin XCConfigurationList section */
		DC3CF14224BCB27900C482F8 /* Build configuration list for PBXProject "Sprout" */ = {
			isa = XCConfigurationList;
			buildConfigurations = (
				DC3CF17424BCB27B00C482F8 /* Debug */,
				DC3CF17524BCB27B00C482F8 /* Release */,
			);
			defaultConfigurationIsVisible = 0;
			defaultConfigurationName = Release;
		};
		DC3CF17624BCB27B00C482F8 /* Build configuration list for PBXNativeTarget "Sprout" */ = {
			isa = XCConfigurationList;
			buildConfigurations = (
				DC3CF17724BCB27B00C482F8 /* Debug */,
				DC3CF17824BCB27B00C482F8 /* Release */,
			);
			defaultConfigurationIsVisible = 0;
			defaultConfigurationName = Release;
		};
		DC3CF17924BCB27B00C482F8 /* Build configuration list for PBXNativeTarget "SproutTests" */ = {
			isa = XCConfigurationList;
			buildConfigurations = (
				DC3CF17A24BCB27B00C482F8 /* Debug */,
				DC3CF17B24BCB27B00C482F8 /* Release */,
			);
			defaultConfigurationIsVisible = 0;
			defaultConfigurationName = Release;
		};
		DC3CF17C24BCB27B00C482F8 /* Build configuration list for PBXNativeTarget "SproutUITests" */ = {
			isa = XCConfigurationList;
			buildConfigurations = (
				DC3CF17D24BCB27B00C482F8 /* Debug */,
				DC3CF17E24BCB27B00C482F8 /* Release */,
			);
			defaultConfigurationIsVisible = 0;
			defaultConfigurationName = Release;
		};
/* End XCConfigurationList section */
	};
	rootObject = DC3CF13F24BCB27900C482F8 /* Project object */;
}
